
Microsoft Visual Studio Solution File, Format Version 12.00
# Visual Studio Version 17
VisualStudioVersion = 17.0.31912.275
MinimumVisualStudioVersion = 10.0.40219.1
Project("{FAE04EC0-301F-11D3-BF4B-00C04F79EFBC}") = "01LaboratoriosModuloDos", "01LaboratoriosModuloDos\01LaboratoriosModuloDos.csproj", "{7DA30048-50F7-43CD-8263-7D359106B6FC}"
EndProject
Global
	GlobalSection(SolutionConfigurationPlatforms) = preSolution
		Debug|Any CPU = Debug|Any CPU
		Release|Any CPU = Release|Any CPU
	EndGlobalSection
	GlobalSection(ProjectConfigurationPlatforms) = postSolution
		{7DA30048-50F7-43CD-8263-7D359106B6FC}.Debug|Any CPU.ActiveCfg = Debug|Any CPU
		{7DA30048-50F7-43CD-8263-7D359106B6FC}.Debug|Any CPU.Build.0 = Debug|Any CPU
		{7DA30048-50F7-43CD-8263-7D359106B6FC}.Release|Any CPU.ActiveCfg = Release|Any CPU
		{7DA30048-50F7-43CD-8263-7D359106B6FC}.Release|Any CPU.Build.0 = Release|Any CPU
	EndGlobalSection
	GlobalSection(SolutionProperties) = preSolution
		HideSolutionNode = FALSE
	EndGlobalSection
	GlobalSection(ExtensibilityGlobals) = postSolution
		SolutionGuid = {30412FB7-1994-41DD-9170-EF130919773D}
	EndGlobalSection
EndGlobal
