
Microsoft Visual Studio Solution File, Format Version 12.00
# Visual Studio Version 17
VisualStudioVersion = 17.0.31912.275
MinimumVisualStudioVersion = 10.0.40219.1
Project("{FAE04EC0-301F-11D3-BF4B-00C04F79EFBC}") = "04Laboratorio7", "04Laboratorio7\04Laboratorio7.csproj", "{782ED716-5B2B-4FAA-9C8D-458903941A41}"
EndProject
Global
	GlobalSection(SolutionConfigurationPlatforms) = preSolution
		Debug|Any CPU = Debug|Any CPU
		Release|Any CPU = Release|Any CPU
	EndGlobalSection
	GlobalSection(ProjectConfigurationPlatforms) = postSolution
		{782ED716-5B2B-4FAA-9C8D-458903941A41}.Debug|Any CPU.ActiveCfg = Debug|Any CPU
		{782ED716-5B2B-4FAA-9C8D-458903941A41}.Debug|Any CPU.Build.0 = Debug|Any CPU
		{782ED716-5B2B-4FAA-9C8D-458903941A41}.Release|Any CPU.ActiveCfg = Release|Any CPU
		{782ED716-5B2B-4FAA-9C8D-458903941A41}.Release|Any CPU.Build.0 = Release|Any CPU
	EndGlobalSection
	GlobalSection(SolutionProperties) = preSolution
		HideSolutionNode = FALSE
	EndGlobalSection
	GlobalSection(ExtensibilityGlobals) = postSolution
		SolutionGuid = {A3DBB2CF-E076-4AB0-B970-B05C6EB0E899}
	EndGlobalSection
EndGlobal
