
Microsoft Visual Studio Solution File, Format Version 12.00
# Visual Studio Version 17
VisualStudioVersion = 17.0.31912.275
MinimumVisualStudioVersion = 10.0.40219.1
Project("{FAE04EC0-301F-11D3-BF4B-00C04F79EFBC}") = "04ArrayMultidimensionales", "04ArrayMultidimensionales\04ArrayMultidimensionales.csproj", "{571A8649-D98E-4836-9EDF-06BDE17E9098}"
EndProject
Global
	GlobalSection(SolutionConfigurationPlatforms) = preSolution
		Debug|Any CPU = Debug|Any CPU
		Release|Any CPU = Release|Any CPU
	EndGlobalSection
	GlobalSection(ProjectConfigurationPlatforms) = postSolution
		{571A8649-D98E-4836-9EDF-06BDE17E9098}.Debug|Any CPU.ActiveCfg = Debug|Any CPU
		{571A8649-D98E-4836-9EDF-06BDE17E9098}.Debug|Any CPU.Build.0 = Debug|Any CPU
		{571A8649-D98E-4836-9EDF-06BDE17E9098}.Release|Any CPU.ActiveCfg = Release|Any CPU
		{571A8649-D98E-4836-9EDF-06BDE17E9098}.Release|Any CPU.Build.0 = Release|Any CPU
	EndGlobalSection
	GlobalSection(SolutionProperties) = preSolution
		HideSolutionNode = FALSE
	EndGlobalSection
	GlobalSection(ExtensibilityGlobals) = postSolution
		SolutionGuid = {B1DDD4B8-C4C0-4482-843F-FC0ECE19E63F}
	EndGlobalSection
EndGlobal
