
Microsoft Visual Studio Solution File, Format Version 12.00
# Visual Studio Version 17
VisualStudioVersion = 17.0.31912.275
MinimumVisualStudioVersion = 10.0.40219.1
Project("{FAE04EC0-301F-11D3-BF4B-00C04F79EFBC}") = "Sumador", "Sumador\Sumador.csproj", "{2911AA19-D4B9-4DD7-A5CA-972C51D3C0CA}"
EndProject
Global
	GlobalSection(SolutionConfigurationPlatforms) = preSolution
		Debug|Any CPU = Debug|Any CPU
		Release|Any CPU = Release|Any CPU
	EndGlobalSection
	GlobalSection(ProjectConfigurationPlatforms) = postSolution
		{2911AA19-D4B9-4DD7-A5CA-972C51D3C0CA}.Debug|Any CPU.ActiveCfg = Debug|Any CPU
		{2911AA19-D4B9-4DD7-A5CA-972C51D3C0CA}.Debug|Any CPU.Build.0 = Debug|Any CPU
		{2911AA19-D4B9-4DD7-A5CA-972C51D3C0CA}.Release|Any CPU.ActiveCfg = Release|Any CPU
		{2911AA19-D4B9-4DD7-A5CA-972C51D3C0CA}.Release|Any CPU.Build.0 = Release|Any CPU
	EndGlobalSection
	GlobalSection(SolutionProperties) = preSolution
		HideSolutionNode = FALSE
	EndGlobalSection
	GlobalSection(ExtensibilityGlobals) = postSolution
		SolutionGuid = {3934D3E6-709B-4291-84C2-3A4D47E51643}
	EndGlobalSection
EndGlobal
